
Microsoft Visual Studio Solution File, Format Version 12.00
# Visual Studio 2012
Project("{FAE04EC0-301F-11D3-BF4B-00C04F79EFBC}") = "TapeAnalysisTool", "TapeAnalysisTool\TapeAnalysisTool.csproj", "{39385EE0-DD80-4939-B887-850B0585C434}"
EndProject
Project("{8BC9CEB8-8B4A-11D0-8D11-00A0C91BC942}") = "OpenCvDll", "OpenCvDll\OpenCvDll.vcxproj", "{3DB0E547-37A9-4EA3-889E-A1A2E9ED2998}"
EndProject
Global
	GlobalSection(SolutionConfigurationPlatforms) = preSolution
		Debug|Any CPU = Debug|Any CPU
		Debug|Mixed Platforms = Debug|Mixed Platforms
		Debug|Win32 = Debug|Win32
		Release|Any CPU = Release|Any CPU
		Release|Mixed Platforms = Release|Mixed Platforms
		Release|Win32 = Release|Win32
	EndGlobalSection
	GlobalSection(ProjectConfigurationPlatforms) = postSolution
		{39385EE0-DD80-4939-B887-850B0585C434}.Debug|Any CPU.ActiveCfg = Debug|Any CPU
		{39385EE0-DD80-4939-B887-850B0585C434}.Debug|Any CPU.Build.0 = Debug|Any CPU
		{39385EE0-DD80-4939-B887-850B0585C434}.Debug|Mixed Platforms.ActiveCfg = Debug|Any CPU
		{39385EE0-DD80-4939-B887-850B0585C434}.Debug|Mixed Platforms.Build.0 = Debug|Any CPU
		{39385EE0-DD80-4939-B887-850B0585C434}.Debug|Win32.ActiveCfg = Debug|Any CPU
		{39385EE0-DD80-4939-B887-850B0585C434}.Release|Any CPU.ActiveCfg = Release|Any CPU
		{39385EE0-DD80-4939-B887-850B0585C434}.Release|Any CPU.Build.0 = Release|Any CPU
		{39385EE0-DD80-4939-B887-850B0585C434}.Release|Mixed Platforms.ActiveCfg = Release|Any CPU
		{39385EE0-DD80-4939-B887-850B0585C434}.Release|Mixed Platforms.Build.0 = Release|Any CPU
		{39385EE0-DD80-4939-B887-850B0585C434}.Release|Win32.ActiveCfg = Release|Any CPU
		{3DB0E547-37A9-4EA3-889E-A1A2E9ED2998}.Debug|Any CPU.ActiveCfg = Debug|Win32
		{3DB0E547-37A9-4EA3-889E-A1A2E9ED2998}.Debug|Mixed Platforms.ActiveCfg = Debug|Win32
		{3DB0E547-37A9-4EA3-889E-A1A2E9ED2998}.Debug|Mixed Platforms.Build.0 = Debug|Win32
		{3DB0E547-37A9-4EA3-889E-A1A2E9ED2998}.Debug|Win32.ActiveCfg = Debug|Win32
		{3DB0E547-37A9-4EA3-889E-A1A2E9ED2998}.Debug|Win32.Build.0 = Debug|Win32
		{3DB0E547-37A9-4EA3-889E-A1A2E9ED2998}.Release|Any CPU.ActiveCfg = Release|Win32
		{3DB0E547-37A9-4EA3-889E-A1A2E9ED2998}.Release|Mixed Platforms.ActiveCfg = Release|Win32
		{3DB0E547-37A9-4EA3-889E-A1A2E9ED2998}.Release|Mixed Platforms.Build.0 = Release|Win32
		{3DB0E547-37A9-4EA3-889E-A1A2E9ED2998}.Release|Win32.ActiveCfg = Release|Win32
		{3DB0E547-37A9-4EA3-889E-A1A2E9ED2998}.Release|Win32.Build.0 = Release|Win32
	EndGlobalSection
	GlobalSection(SolutionProperties) = preSolution
		HideSolutionNode = FALSE
	EndGlobalSection
EndGlobal
